// !$*UTF8*$!
{
	archiveVersion = 1;
	classes = {
	};
	objectVersion = 50;
	objects = {

/* Begin PBXBuildFile section */
		29A6807921EF7106001F4E36 /* Promis.framework in Frameworks */ = {isa = PBXBuildFile; fileRef = 29A6806F21EF7106001F4E36 /* Promis.framework */; };
		29A6808021EF7106001F4E36 /* Promis.h in Headers */ = {isa = PBXBuildFile; fileRef = 29A6807221EF7106001F4E36 /* Promis.h */; settings = {ATTRIBUTES = (Public, ); }; };
		29A6808F21EF726A001F4E36 /* FutureState.swift in Sources */ = {isa = PBXBuildFile; fileRef = 29A6808921EF7267001F4E36 /* FutureState.swift */; };
		29A6809021EF726A001F4E36 /* Future+Chaining.swift in Sources */ = {isa = PBXBuildFile; fileRef = 29A6808A21EF7268001F4E36 /* Future+Chaining.swift */; };
		29A6809121EF726A001F4E36 /* Future+WhenAll.swift in Sources */ = {isa = PBXBuildFile; fileRef = 29A6808B21EF7268001F4E36 /* Future+WhenAll.swift */; };
		29A6809221EF726A001F4E36 /* PromisError.swift in Sources */ = {isa = PBXBuildFile; fileRef = 29A6808C21EF7268001F4E36 /* PromisError.swift */; };
		29A6809321EF726A001F4E36 /* Future.swift in Sources */ = {isa = PBXBuildFile; fileRef = 29A6808D21EF7269001F4E36 /* Future.swift */; };
		29A6809421EF726A001F4E36 /* Promise.swift in Sources */ = {isa = PBXBuildFile; fileRef = 29A6808E21EF7269001F4E36 /* Promise.swift */; };
		29A6809621EF7299001F4E36 /* PromisTests.swift in Sources */ = {isa = PBXBuildFile; fileRef = 29A6809521EF7299001F4E36 /* PromisTests.swift */; };
/* End PBXBuildFile section */

/* Begin PBXContainerItemProxy section */
		29A6807A21EF7106001F4E36 /* PBXContainerItemProxy */ = {
			isa = PBXContainerItemProxy;
			containerPortal = 29A6806621EF7106001F4E36 /* Project object */;
			proxyType = 1;
			remoteGlobalIDString = 29A6806E21EF7106001F4E36;
			remoteInfo = Promis;
		};
/* End PBXContainerItemProxy section */

/* Begin PBXFileReference section */
		29A6806F21EF7106001F4E36 /* Promis.framework */ = {isa = PBXFileReference; explicitFileType = wrapper.framework; includeInIndex = 0; path = Promis.framework; sourceTree = BUILT_PRODUCTS_DIR; };
		29A6807221EF7106001F4E36 /* Promis.h */ = {isa = PBXFileReference; lastKnownFileType = sourcecode.c.h; path = Promis.h; sourceTree = "<group>"; };
		29A6807321EF7106001F4E36 /* Info.plist */ = {isa = PBXFileReference; lastKnownFileType = text.plist.xml; path = Info.plist; sourceTree = "<group>"; };
		29A6807821EF7106001F4E36 /* PromisTests.xctest */ = {isa = PBXFileReference; explicitFileType = wrapper.cfbundle; includeInIndex = 0; path = PromisTests.xctest; sourceTree = BUILT_PRODUCTS_DIR; };
		29A6807F21EF7106001F4E36 /* Info.plist */ = {isa = PBXFileReference; lastKnownFileType = text.plist.xml; path = Info.plist; sourceTree = "<group>"; };
		29A6808921EF7267001F4E36 /* FutureState.swift */ = {isa = PBXFileReference; fileEncoding = 4; lastKnownFileType = sourcecode.swift; name = FutureState.swift; path = Classes/FutureState.swift; sourceTree = "<group>"; };
		29A6808A21EF7268001F4E36 /* Future+Chaining.swift */ = {isa = PBXFileReference; fileEncoding = 4; lastKnownFileType = sourcecode.swift; name = "Future+Chaining.swift"; path = "Classes/Future+Chaining.swift"; sourceTree = "<group>"; };
		29A6808B21EF7268001F4E36 /* Future+WhenAll.swift */ = {isa = PBXFileReference; fileEncoding = 4; lastKnownFileType = sourcecode.swift; name = "Future+WhenAll.swift"; path = "Classes/Future+WhenAll.swift"; sourceTree = "<group>"; };
		29A6808C21EF7268001F4E36 /* PromisError.swift */ = {isa = PBXFileReference; fileEncoding = 4; lastKnownFileType = sourcecode.swift; name = PromisError.swift; path = Classes/PromisError.swift; sourceTree = "<group>"; };
		29A6808D21EF7269001F4E36 /* Future.swift */ = {isa = PBXFileReference; fileEncoding = 4; lastKnownFileType = sourcecode.swift; name = Future.swift; path = Classes/Future.swift; sourceTree = "<group>"; };
		29A6808E21EF7269001F4E36 /* Promise.swift */ = {isa = PBXFileReference; fileEncoding = 4; lastKnownFileType = sourcecode.swift; name = Promise.swift; path = Classes/Promise.swift; sourceTree = "<group>"; };
		29A6809521EF7299001F4E36 /* PromisTests.swift */ = {isa = PBXFileReference; fileEncoding = 4; lastKnownFileType = sourcecode.swift; name = PromisTests.swift; path = Example/Tests/PromisTests.swift; sourceTree = SOURCE_ROOT; };
/* End PBXFileReference section */

/* Begin PBXFrameworksBuildPhase section */
		29A6806C21EF7106001F4E36 /* Frameworks */ = {
			isa = PBXFrameworksBuildPhase;
			buildActionMask = 2147483647;
			files = (
			);
			runOnlyForDeploymentPostprocessing = 0;
		};
		29A6807521EF7106001F4E36 /* Frameworks */ = {
			isa = PBXFrameworksBuildPhase;
			buildActionMask = 2147483647;
			files = (
				29A6807921EF7106001F4E36 /* Promis.framework in Frameworks */,
			);
			runOnlyForDeploymentPostprocessing = 0;
		};
/* End PBXFrameworksBuildPhase section */

/* Begin PBXGroup section */
		29A6806521EF7106001F4E36 = {
			isa = PBXGroup;
			children = (
				29A6807121EF7106001F4E36 /* Promis */,
				29A6807C21EF7106001F4E36 /* PromisTests */,
				29A6807021EF7106001F4E36 /* Products */,
			);
			sourceTree = "<group>";
		};
		29A6807021EF7106001F4E36 /* Products */ = {
			isa = PBXGroup;
			children = (
				29A6806F21EF7106001F4E36 /* Promis.framework */,
				29A6807821EF7106001F4E36 /* PromisTests.xctest */,
			);
			name = Products;
			sourceTree = "<group>";
		};
		29A6807121EF7106001F4E36 /* Promis */ = {
			isa = PBXGroup;
			children = (
				29A6808D21EF7269001F4E36 /* Future.swift */,
				29A6808A21EF7268001F4E36 /* Future+Chaining.swift */,
				29A6808B21EF7268001F4E36 /* Future+WhenAll.swift */,
				29A6808921EF7267001F4E36 /* FutureState.swift */,
				29A6808E21EF7269001F4E36 /* Promise.swift */,
				29A6808C21EF7268001F4E36 /* PromisError.swift */,
				29A6807221EF7106001F4E36 /* Promis.h */,
				29A6807321EF7106001F4E36 /* Info.plist */,
			);
			path = Promis;
			sourceTree = "<group>";
		};
		29A6807C21EF7106001F4E36 /* PromisTests */ = {
			isa = PBXGroup;
			children = (
				29A6809521EF7299001F4E36 /* PromisTests.swift */,
				29A6807F21EF7106001F4E36 /* Info.plist */,
			);
			path = PromisTests;
			sourceTree = "<group>";
		};
/* End PBXGroup section */

/* Begin PBXHeadersBuildPhase section */
		29A6806A21EF7106001F4E36 /* Headers */ = {
			isa = PBXHeadersBuildPhase;
			buildActionMask = 2147483647;
			files = (
				29A6808021EF7106001F4E36 /* Promis.h in Headers */,
			);
			runOnlyForDeploymentPostprocessing = 0;
		};
/* End PBXHeadersBuildPhase section */

/* Begin PBXNativeTarget section */
		29A6806E21EF7106001F4E36 /* Promis */ = {
			isa = PBXNativeTarget;
			buildConfigurationList = 29A6808321EF7106001F4E36 /* Build configuration list for PBXNativeTarget "Promis" */;
			buildPhases = (
				29A6806A21EF7106001F4E36 /* Headers */,
				29A6806B21EF7106001F4E36 /* Sources */,
				29A6806C21EF7106001F4E36 /* Frameworks */,
				29A6806D21EF7106001F4E36 /* Resources */,
			);
			buildRules = (
			);
			dependencies = (
			);
			name = Promis;
			productName = Promis;
			productReference = 29A6806F21EF7106001F4E36 /* Promis.framework */;
			productType = "com.apple.product-type.framework";
		};
		29A6807721EF7106001F4E36 /* PromisTests */ = {
			isa = PBXNativeTarget;
			buildConfigurationList = 29A6808621EF7106001F4E36 /* Build configuration list for PBXNativeTarget "PromisTests" */;
			buildPhases = (
				29A6807421EF7106001F4E36 /* Sources */,
				29A6807521EF7106001F4E36 /* Frameworks */,
				29A6807621EF7106001F4E36 /* Resources */,
			);
			buildRules = (
			);
			dependencies = (
				29A6807B21EF7106001F4E36 /* PBXTargetDependency */,
			);
			name = PromisTests;
			productName = PromisTests;
			productReference = 29A6807821EF7106001F4E36 /* PromisTests.xctest */;
			productType = "com.apple.product-type.bundle.unit-test";
		};
/* End PBXNativeTarget section */

/* Begin PBXProject section */
		29A6806621EF7106001F4E36 /* Project object */ = {
			isa = PBXProject;
			attributes = {
				LastSwiftUpdateCheck = 1010;
				LastUpgradeCheck = 1010;
				ORGANIZATIONNAME = "Just Eat";
				TargetAttributes = {
					29A6806E21EF7106001F4E36 = {
						CreatedOnToolsVersion = 10.1;
						LastSwiftMigration = 1010;
					};
					29A6807721EF7106001F4E36 = {
						CreatedOnToolsVersion = 10.1;
					};
				};
			};
			buildConfigurationList = 29A6806921EF7106001F4E36 /* Build configuration list for PBXProject "Promis" */;
			compatibilityVersion = "Xcode 9.3";
			developmentRegion = en;
			hasScannedForEncodings = 0;
			knownRegions = (
				en,
			);
			mainGroup = 29A6806521EF7106001F4E36;
			productRefGroup = 29A6807021EF7106001F4E36 /* Products */;
			projectDirPath = "";
			projectRoot = "";
			targets = (
				29A6806E21EF7106001F4E36 /* Promis */,
				29A6807721EF7106001F4E36 /* PromisTests */,
			);
		};
/* End PBXProject section */

/* Begin PBXResourcesBuildPhase section */
		29A6806D21EF7106001F4E36 /* Resources */ = {
			isa = PBXResourcesBuildPhase;
			buildActionMask = 2147483647;
			files = (
			);
			runOnlyForDeploymentPostprocessing = 0;
		};
		29A6807621EF7106001F4E36 /* Resources */ = {
			isa = PBXResourcesBuildPhase;
			buildActionMask = 2147483647;
			files = (
			);
			runOnlyForDeploymentPostprocessing = 0;
		};
/* End PBXResourcesBuildPhase section */

/* Begin PBXSourcesBuildPhase section */
		29A6806B21EF7106001F4E36 /* Sources */ = {
			isa = PBXSourcesBuildPhase;
			buildActionMask = 2147483647;
			files = (
				29A6809221EF726A001F4E36 /* PromisError.swift in Sources */,
				29A6808F21EF726A001F4E36 /* FutureState.swift in Sources */,
				29A6809021EF726A001F4E36 /* Future+Chaining.swift in Sources */,
				29A6809321EF726A001F4E36 /* Future.swift in Sources */,
				29A6809121EF726A001F4E36 /* Future+WhenAll.swift in Sources */,
				29A6809421EF726A001F4E36 /* Promise.swift in Sources */,
			);
			runOnlyForDeploymentPostprocessing = 0;
		};
		29A6807421EF7106001F4E36 /* Sources */ = {
			isa = PBXSourcesBuildPhase;
			buildActionMask = 2147483647;
			files = (
				29A6809621EF7299001F4E36 /* PromisTests.swift in Sources */,
			);
			runOnlyForDeploymentPostprocessing = 0;
		};
/* End PBXSourcesBuildPhase section */

/* Begin PBXTargetDependency section */
		29A6807B21EF7106001F4E36 /* PBXTargetDependency */ = {
			isa = PBXTargetDependency;
			target = 29A6806E21EF7106001F4E36 /* Promis */;
			targetProxy = 29A6807A21EF7106001F4E36 /* PBXContainerItemProxy */;
		};
/* End PBXTargetDependency section */

/* Begin XCBuildConfiguration section */
		29A6808121EF7106001F4E36 /* Debug */ = {
			isa = XCBuildConfiguration;
			buildSettings = {
				ALWAYS_SEARCH_USER_PATHS = NO;
				CLANG_ANALYZER_NONNULL = YES;
				CLANG_ANALYZER_NUMBER_OBJECT_CONVERSION = YES_AGGRESSIVE;
				CLANG_CXX_LANGUAGE_STANDARD = "gnu++14";
				CLANG_CXX_LIBRARY = "libc++";
				CLANG_ENABLE_MODULES = YES;
				CLANG_ENABLE_OBJC_ARC = YES;
				CLANG_ENABLE_OBJC_WEAK = YES;
				CLANG_WARN_BLOCK_CAPTURE_AUTORELEASING = YES;
				CLANG_WARN_BOOL_CONVERSION = YES;
				CLANG_WARN_COMMA = YES;
				CLANG_WARN_CONSTANT_CONVERSION = YES;
				CLANG_WARN_DEPRECATED_OBJC_IMPLEMENTATIONS = YES;
				CLANG_WARN_DIRECT_OBJC_ISA_USAGE = YES_ERROR;
				CLANG_WARN_DOCUMENTATION_COMMENTS = YES;
				CLANG_WARN_EMPTY_BODY = YES;
				CLANG_WARN_ENUM_CONVERSION = YES;
				CLANG_WARN_INFINITE_RECURSION = YES;
				CLANG_WARN_INT_CONVERSION = YES;
				CLANG_WARN_NON_LITERAL_NULL_CONVERSION = YES;
				CLANG_WARN_OBJC_IMPLICIT_RETAIN_SELF = YES;
				CLANG_WARN_OBJC_LITERAL_CONVERSION = YES;
				CLANG_WARN_OBJC_ROOT_CLASS = YES_ERROR;
				CLANG_WARN_RANGE_LOOP_ANALYSIS = YES;
				CLANG_WARN_STRICT_PROTOTYPES = YES;
				CLANG_WARN_SUSPICIOUS_MOVE = YES;
				CLANG_WARN_UNGUARDED_AVAILABILITY = YES_AGGRESSIVE;
				CLANG_WARN_UNREACHABLE_CODE = YES;
				CLANG_WARN__DUPLICATE_METHOD_MATCH = YES;
				CODE_SIGN_IDENTITY = "iPhone Developer";
				COPY_PHASE_STRIP = NO;
				CURRENT_PROJECT_VERSION = 1;
				DEBUG_INFORMATION_FORMAT = dwarf;
				DYLIB_COMPATIBILITY_VERSION = 1;
				DYLIB_CURRENT_VERSION = 1;
				ENABLE_STRICT_OBJC_MSGSEND = YES;
				ENABLE_TESTABILITY = YES;
				GCC_C_LANGUAGE_STANDARD = gnu11;
				GCC_DYNAMIC_NO_PIC = NO;
				GCC_NO_COMMON_BLOCKS = YES;
				GCC_OPTIMIZATION_LEVEL = 0;
				GCC_PREPROCESSOR_DEFINITIONS = (
					"DEBUG=1",
					"$(inherited)",
				);
				GCC_WARN_64_TO_32_BIT_CONVERSION = YES;
				GCC_WARN_ABOUT_RETURN_TYPE = YES_ERROR;
				GCC_WARN_UNDECLARED_SELECTOR = YES;
				GCC_WARN_UNINITIALIZED_AUTOS = YES_AGGRESSIVE;
				GCC_WARN_UNUSED_FUNCTION = YES;
				GCC_WARN_UNUSED_VARIABLE = YES;
				IPHONEOS_DEPLOYMENT_TARGET = 12.1;
				MTL_ENABLE_DEBUG_INFO = INCLUDE_SOURCE;
				MTL_FAST_MATH = YES;
				ONLY_ACTIVE_ARCH = YES;
				SDKROOT = iphoneos;
				SWIFT_ACTIVE_COMPILATION_CONDITIONS = DEBUG;
				SWIFT_OPTIMIZATION_LEVEL = "-Onone";
				VERSIONING_SYSTEM = "apple-generic";
				VERSION_INFO_PREFIX = "";
			};
			name = Debug;
		};
		29A6808221EF7106001F4E36 /* Release */ = {
			isa = XCBuildConfiguration;
			buildSettings = {
				ALWAYS_SEARCH_USER_PATHS = NO;
				CLANG_ANALYZER_NONNULL = YES;
				CLANG_ANALYZER_NUMBER_OBJECT_CONVERSION = YES_AGGRESSIVE;
				CLANG_CXX_LANGUAGE_STANDARD = "gnu++14";
				CLANG_CXX_LIBRARY = "libc++";
				CLANG_ENABLE_MODULES = YES;
				CLANG_ENABLE_OBJC_ARC = YES;
				CLANG_ENABLE_OBJC_WEAK = YES;
				CLANG_WARN_BLOCK_CAPTURE_AUTORELEASING = YES;
				CLANG_WARN_BOOL_CONVERSION = YES;
				CLANG_WARN_COMMA = YES;
				CLANG_WARN_CONSTANT_CONVERSION = YES;
				CLANG_WARN_DEPRECATED_OBJC_IMPLEMENTATIONS = YES;
				CLANG_WARN_DIRECT_OBJC_ISA_USAGE = YES_ERROR;
				CLANG_WARN_DOCUMENTATION_COMMENTS = YES;
				CLANG_WARN_EMPTY_BODY = YES;
				CLANG_WARN_ENUM_CONVERSION = YES;
				CLANG_WARN_INFINITE_RECURSION = YES;
				CLANG_WARN_INT_CONVERSION = YES;
				CLANG_WARN_NON_LITERAL_NULL_CONVERSION = YES;
				CLANG_WARN_OBJC_IMPLICIT_RETAIN_SELF = YES;
				CLANG_WARN_OBJC_LITERAL_CONVERSION = YES;
				CLANG_WARN_OBJC_ROOT_CLASS = YES_ERROR;
				CLANG_WARN_RANGE_LOOP_ANALYSIS = YES;
				CLANG_WARN_STRICT_PROTOTYPES = YES;
				CLANG_WARN_SUSPICIOUS_MOVE = YES;
				CLANG_WARN_UNGUARDED_AVAILABILITY = YES_AGGRESSIVE;
				CLANG_WARN_UNREACHABLE_CODE = YES;
				CLANG_WARN__DUPLICATE_METHOD_MATCH = YES;
				CODE_SIGN_IDENTITY = "iPhone Developer";
				COPY_PHASE_STRIP = NO;
				CURRENT_PROJECT_VERSION = 1;
				DEBUG_INFORMATION_FORMAT = "dwarf-with-dsym";
				DYLIB_COMPATIBILITY_VERSION = 1;
				DYLIB_CURRENT_VERSION = 1;
				ENABLE_NS_ASSERTIONS = NO;
				ENABLE_STRICT_OBJC_MSGSEND = YES;
				GCC_C_LANGUAGE_STANDARD = gnu11;
				GCC_NO_COMMON_BLOCKS = YES;
				GCC_WARN_64_TO_32_BIT_CONVERSION = YES;
				GCC_WARN_ABOUT_RETURN_TYPE = YES_ERROR;
				GCC_WARN_UNDECLARED_SELECTOR = YES;
				GCC_WARN_UNINITIALIZED_AUTOS = YES_AGGRESSIVE;
				GCC_WARN_UNUSED_FUNCTION = YES;
				GCC_WARN_UNUSED_VARIABLE = YES;
				IPHONEOS_DEPLOYMENT_TARGET = 12.1;
				MTL_ENABLE_DEBUG_INFO = NO;
				MTL_FAST_MATH = YES;
				SDKROOT = iphoneos;
				SWIFT_COMPILATION_MODE = wholemodule;
				SWIFT_OPTIMIZATION_LEVEL = "-O";
				VALIDATE_PRODUCT = YES;
				VERSIONING_SYSTEM = "apple-generic";
				VERSION_INFO_PREFIX = "";
			};
			name = Release;
		};
		29A6808421EF7106001F4E36 /* Debug */ = {
			isa = XCBuildConfiguration;
			buildSettings = {
				CLANG_ENABLE_MODULES = YES;
				CODE_SIGN_IDENTITY = "";
				CODE_SIGN_STYLE = Automatic;
				DEFINES_MODULE = YES;
				DYLIB_COMPATIBILITY_VERSION = 1;
				DYLIB_CURRENT_VERSION = 1;
				DYLIB_INSTALL_NAME_BASE = "@rpath";
				INFOPLIST_FILE = Promis/Info.plist;
				INSTALL_PATH = "$(LOCAL_LIBRARY_DIR)/Frameworks";
				LD_RUNPATH_SEARCH_PATHS = (
					"$(inherited)",
					"@executable_path/Frameworks",
					"@loader_path/Frameworks",
				);
				PRODUCT_BUNDLE_IDENTIFIER = org.cocoapods.Promis;
				PRODUCT_NAME = "$(TARGET_NAME:c99extidentifier)";
				SKIP_INSTALL = YES;
				SUPPORTED_PLATFORMS = "iphonesimulator iphoneos";
				SWIFT_OPTIMIZATION_LEVEL = "-Onone";
				SWIFT_VERSION = 4.2;
				TARGETED_DEVICE_FAMILY = "1,2";
			};
			name = Debug;
		};
		29A6808521EF7106001F4E36 /* Release */ = {
			isa = XCBuildConfiguration;
			buildSettings = {
				CLANG_ENABLE_MODULES = YES;
				CODE_SIGN_IDENTITY = "";
				CODE_SIGN_STYLE = Automatic;
				DEFINES_MODULE = YES;
				DYLIB_COMPATIBILITY_VERSION = 1;
				DYLIB_CURRENT_VERSION = 1;
				DYLIB_INSTALL_NAME_BASE = "@rpath";
				INFOPLIST_FILE = Promis/Info.plist;
				INSTALL_PATH = "$(LOCAL_LIBRARY_DIR)/Frameworks";
				LD_RUNPATH_SEARCH_PATHS = (
					"$(inherited)",
					"@executable_path/Frameworks",
					"@loader_path/Frameworks",
				);
				PRODUCT_BUNDLE_IDENTIFIER = org.cocoapods.Promis;
				PRODUCT_NAME = "$(TARGET_NAME:c99extidentifier)";
				SKIP_INSTALL = YES;
				SUPPORTED_PLATFORMS = "iphonesimulator iphoneos";
				SWIFT_VERSION = 4.2;
				TARGETED_DEVICE_FAMILY = "1,2";
			};
			name = Release;
		};
		29A6808721EF7106001F4E36 /* Debug */ = {
			isa = XCBuildConfiguration;
			buildSettings = {
				ALWAYS_EMBED_SWIFT_STANDARD_LIBRARIES = YES;
				CODE_SIGN_STYLE = Automatic;
				INFOPLIST_FILE = PromisTests/Info.plist;
				LD_RUNPATH_SEARCH_PATHS = (
					"$(inherited)",
					"@executable_path/Frameworks",
					"@loader_path/Frameworks",
				);
				PRODUCT_BUNDLE_IDENTIFIER = org.cocoapods.PromisTests;
				PRODUCT_NAME = "$(TARGET_NAME)";
				SWIFT_VERSION = 4.2;
				TARGETED_DEVICE_FAMILY = "1,2";
			};
			name = Debug;
		};
		29A6808821EF7106001F4E36 /* Release */ = {
			isa = XCBuildConfiguration;
			buildSettings = {
				ALWAYS_EMBED_SWIFT_STANDARD_LIBRARIES = YES;
				CODE_SIGN_STYLE = Automatic;
				INFOPLIST_FILE = PromisTests/Info.plist;
				LD_RUNPATH_SEARCH_PATHS = (
					"$(inherited)",
					"@executable_path/Frameworks",
					"@loader_path/Frameworks",
				);
				PRODUCT_BUNDLE_IDENTIFIER = org.cocoapods.PromisTests;
				PRODUCT_NAME = "$(TARGET_NAME)";
				SWIFT_VERSION = 4.2;
				TARGETED_DEVICE_FAMILY = "1,2";
			};
			name = Release;
		};
/* End XCBuildConfiguration section */

/* Begin XCConfigurationList section */
		29A6806921EF7106001F4E36 /* Build configuration list for PBXProject "Promis" */ = {
			isa = XCConfigurationList;
			buildConfigurations = (
				29A6808121EF7106001F4E36 /* Debug */,
				29A6808221EF7106001F4E36 /* Release */,
			);
			defaultConfigurationIsVisible = 0;
			defaultConfigurationName = Release;
		};
		29A6808321EF7106001F4E36 /* Build configuration list for PBXNativeTarget "Promis" */ = {
			isa = XCConfigurationList;
			buildConfigurations = (
				29A6808421EF7106001F4E36 /* Debug */,
				29A6808521EF7106001F4E36 /* Release */,
			);
			defaultConfigurationIsVisible = 0;
			defaultConfigurationName = Release;
		};
		29A6808621EF7106001F4E36 /* Build configuration list for PBXNativeTarget "PromisTests" */ = {
			isa = XCConfigurationList;
			buildConfigurations = (
				29A6808721EF7106001F4E36 /* Debug */,
				29A6808821EF7106001F4E36 /* Release */,
			);
			defaultConfigurationIsVisible = 0;
			defaultConfigurationName = Release;
		};
/* End XCConfigurationList section */
	};
	rootObject = 29A6806621EF7106001F4E36 /* Project object */;
}
